
Microsoft Visual Studio Solution File, Format Version 12.00
# Visual Studio Version 16
VisualStudioVersion = 16.0.29806.167
MinimumVisualStudioVersion = 10.0.40219.1
Project("{9A19103F-16F7-4668-BE54-9A1E7A4F7556}") = "Joker.Extensions", "Joker.Extensions\Joker.Extensions.csproj", "{59D85058-F7B1-4320-AAAF-CD6D29F3325B}"
EndProject
Project("{9A19103F-16F7-4668-BE54-9A1E7A4F7556}") = "Joker.Repositories", "Joker.Repositories\Joker.Repositories.csproj", "{ED134E8C-3956-468C-8E62-CF55F544F332}"
EndProject
Project("{9A19103F-16F7-4668-BE54-9A1E7A4F7556}") = "Joker.EntityFrameworkCore", "Joker.EntityFrameworkCore\Joker.EntityFrameworkCore.csproj", "{602E1C3C-C70A-45A0-8F0D-3D509FAABB25}"
EndProject
Project("{9A19103F-16F7-4668-BE54-9A1E7A4F7556}") = "Joker.AspNetCore", "Joker.AspNetCore\Joker.AspNetCore.csproj", "{4FF2977F-AC14-42A9-84A0-3D62FECCF09A}"
EndProject
Project("{9A19103F-16F7-4668-BE54-9A1E7A4F7556}") = "Joker.Mvc", "Joker.Mvc\Joker.Mvc.csproj", "{351CD6F3-612A-4E44-BD9A-7ACA38739728}"
EndProject
Project("{FAE04EC0-301F-11D3-BF4B-00C04F79EFBC}") = "Joker.Logging", "Joker.Logging\Joker.Logging.csproj", "{EF330219-904E-447E-A606-8F43569852EB}"
EndProject
Project("{FAE04EC0-301F-11D3-BF4B-00C04F79EFBC}") = "Joker.ElasticSearch", "Joker.ElasticSearch\Joker.ElasticSearch.csproj", "{3E87BF10-A5FB-48DF-A453-15DE3024C11A}"
EndProject
Project("{FAE04EC0-301F-11D3-BF4B-00C04F79EFBC}") = "Joker.DispatchProxy", "Joker.DispatchProxy\Joker.DispatchProxy.csproj", "{50BFF9F5-EA61-40C6-8613-2694D57B3239}"
EndProject
Project("{FAE04EC0-301F-11D3-BF4B-00C04F79EFBC}") = "Joker.Response", "Joker.Response\Joker.Response.csproj", "{140BECE4-9720-4719-8031-297326FF67AE}"
EndProject
Project("{FAE04EC0-301F-11D3-BF4B-00C04F79EFBC}") = "Joker.Domain", "Joker.Domain\Joker.Domain.csproj", "{41AEAAC0-0660-4C8B-8646-E45CEDF17BEB}"
EndProject
Project("{FAE04EC0-301F-11D3-BF4B-00C04F79EFBC}") = "Joker.Exceptions", "Joker.Exceptions\Joker.Exceptions.csproj", "{B782DA41-A4E6-4BDB-84A5-6F1BB68C826A}"
EndProject
Project("{FAE04EC0-301F-11D3-BF4B-00C04F79EFBC}") = "Joker.EventBus", "Joker.EventBus\Joker.EventBus.csproj", "{7687CB96-5405-4C1C-8F3B-89920CE5B136}"
EndProject
Project("{FAE04EC0-301F-11D3-BF4B-00C04F79EFBC}") = "Joker.CAP", "Joker.CAP\Joker.CAP.csproj", "{F3E56BC0-36CD-439C-B964-0237C3F0A432}"
EndProject
Project("{FAE04EC0-301F-11D3-BF4B-00C04F79EFBC}") = "Joker.EntityFrameworkCore.Domain", "Joker.EntityFrameworkCore.Domain\Joker.EntityFrameworkCore.Domain.csproj", "{499AB156-D8BB-4D30-BE88-C7D5A51AF8CD}"
EndProject
Project("{FAE04EC0-301F-11D3-BF4B-00C04F79EFBC}") = "Joker.EntityFrameworkCore.Migration", "Joker.EntityFrameworkCore.Migration\Joker.EntityFrameworkCore.Migration.csproj", "{021104B8-C7CE-4399-A0E6-4BC06963B553}"
EndProject
Project("{FAE04EC0-301F-11D3-BF4B-00C04F79EFBC}") = "Joker.Mongo", "Joker.Mongo\Joker.Mongo.csproj", "{6D5BD834-D1D8-4A90-B6C9-CDD4B84E16A6}"
EndProject
Project("{FAE04EC0-301F-11D3-BF4B-00C04F79EFBC}") = "Joker.Mongo.Domain", "Joker.Mongo.Domain\Joker.Mongo.Domain.csproj", "{F55E1730-617A-4F0A-B35F-4C7053649DCC}"
EndProject
Project("{FAE04EC0-301F-11D3-BF4B-00C04F79EFBC}") = "Joker.Objects", "Joker.Objects\Joker.Objects.csproj", "{2277A768-DE2B-4DCF-96C0-900DCFD93C9E}"
EndProject
Global
	GlobalSection(SolutionConfigurationPlatforms) = preSolution
		Debug|Any CPU = Debug|Any CPU
		Release|Any CPU = Release|Any CPU
	EndGlobalSection
	GlobalSection(ProjectConfigurationPlatforms) = postSolution
		{59D85058-F7B1-4320-AAAF-CD6D29F3325B}.Debug|Any CPU.ActiveCfg = Debug|Any CPU
		{59D85058-F7B1-4320-AAAF-CD6D29F3325B}.Debug|Any CPU.Build.0 = Debug|Any CPU
		{59D85058-F7B1-4320-AAAF-CD6D29F3325B}.Release|Any CPU.ActiveCfg = Release|Any CPU
		{59D85058-F7B1-4320-AAAF-CD6D29F3325B}.Release|Any CPU.Build.0 = Release|Any CPU
		{ED134E8C-3956-468C-8E62-CF55F544F332}.Debug|Any CPU.ActiveCfg = Debug|Any CPU
		{ED134E8C-3956-468C-8E62-CF55F544F332}.Debug|Any CPU.Build.0 = Debug|Any CPU
		{ED134E8C-3956-468C-8E62-CF55F544F332}.Release|Any CPU.ActiveCfg = Release|Any CPU
		{ED134E8C-3956-468C-8E62-CF55F544F332}.Release|Any CPU.Build.0 = Release|Any CPU
		{602E1C3C-C70A-45A0-8F0D-3D509FAABB25}.Debug|Any CPU.ActiveCfg = Debug|Any CPU
		{602E1C3C-C70A-45A0-8F0D-3D509FAABB25}.Debug|Any CPU.Build.0 = Debug|Any CPU
		{602E1C3C-C70A-45A0-8F0D-3D509FAABB25}.Release|Any CPU.ActiveCfg = Release|Any CPU
		{602E1C3C-C70A-45A0-8F0D-3D509FAABB25}.Release|Any CPU.Build.0 = Release|Any CPU
		{4FF2977F-AC14-42A9-84A0-3D62FECCF09A}.Debug|Any CPU.ActiveCfg = Debug|Any CPU
		{4FF2977F-AC14-42A9-84A0-3D62FECCF09A}.Debug|Any CPU.Build.0 = Debug|Any CPU
		{4FF2977F-AC14-42A9-84A0-3D62FECCF09A}.Release|Any CPU.ActiveCfg = Release|Any CPU
		{4FF2977F-AC14-42A9-84A0-3D62FECCF09A}.Release|Any CPU.Build.0 = Release|Any CPU
		{351CD6F3-612A-4E44-BD9A-7ACA38739728}.Debug|Any CPU.ActiveCfg = Debug|Any CPU
		{351CD6F3-612A-4E44-BD9A-7ACA38739728}.Debug|Any CPU.Build.0 = Debug|Any CPU
		{351CD6F3-612A-4E44-BD9A-7ACA38739728}.Release|Any CPU.ActiveCfg = Release|Any CPU
		{351CD6F3-612A-4E44-BD9A-7ACA38739728}.Release|Any CPU.Build.0 = Release|Any CPU
		{EF330219-904E-447E-A606-8F43569852EB}.Debug|Any CPU.ActiveCfg = Debug|Any CPU
		{EF330219-904E-447E-A606-8F43569852EB}.Debug|Any CPU.Build.0 = Debug|Any CPU
		{EF330219-904E-447E-A606-8F43569852EB}.Release|Any CPU.ActiveCfg = Release|Any CPU
		{EF330219-904E-447E-A606-8F43569852EB}.Release|Any CPU.Build.0 = Release|Any CPU
		{3E87BF10-A5FB-48DF-A453-15DE3024C11A}.Debug|Any CPU.ActiveCfg = Debug|Any CPU
		{3E87BF10-A5FB-48DF-A453-15DE3024C11A}.Debug|Any CPU.Build.0 = Debug|Any CPU
		{3E87BF10-A5FB-48DF-A453-15DE3024C11A}.Release|Any CPU.ActiveCfg = Release|Any CPU
		{3E87BF10-A5FB-48DF-A453-15DE3024C11A}.Release|Any CPU.Build.0 = Release|Any CPU
		{50BFF9F5-EA61-40C6-8613-2694D57B3239}.Debug|Any CPU.ActiveCfg = Debug|Any CPU
		{50BFF9F5-EA61-40C6-8613-2694D57B3239}.Debug|Any CPU.Build.0 = Debug|Any CPU
		{50BFF9F5-EA61-40C6-8613-2694D57B3239}.Release|Any CPU.ActiveCfg = Release|Any CPU
		{50BFF9F5-EA61-40C6-8613-2694D57B3239}.Release|Any CPU.Build.0 = Release|Any CPU
		{140BECE4-9720-4719-8031-297326FF67AE}.Debug|Any CPU.ActiveCfg = Debug|Any CPU
		{140BECE4-9720-4719-8031-297326FF67AE}.Debug|Any CPU.Build.0 = Debug|Any CPU
		{140BECE4-9720-4719-8031-297326FF67AE}.Release|Any CPU.ActiveCfg = Release|Any CPU
		{140BECE4-9720-4719-8031-297326FF67AE}.Release|Any CPU.Build.0 = Release|Any CPU
		{41AEAAC0-0660-4C8B-8646-E45CEDF17BEB}.Debug|Any CPU.ActiveCfg = Debug|Any CPU
		{41AEAAC0-0660-4C8B-8646-E45CEDF17BEB}.Debug|Any CPU.Build.0 = Debug|Any CPU
		{41AEAAC0-0660-4C8B-8646-E45CEDF17BEB}.Release|Any CPU.ActiveCfg = Release|Any CPU
		{41AEAAC0-0660-4C8B-8646-E45CEDF17BEB}.Release|Any CPU.Build.0 = Release|Any CPU
		{B782DA41-A4E6-4BDB-84A5-6F1BB68C826A}.Debug|Any CPU.ActiveCfg = Debug|Any CPU
		{B782DA41-A4E6-4BDB-84A5-6F1BB68C826A}.Debug|Any CPU.Build.0 = Debug|Any CPU
		{B782DA41-A4E6-4BDB-84A5-6F1BB68C826A}.Release|Any CPU.ActiveCfg = Release|Any CPU
		{B782DA41-A4E6-4BDB-84A5-6F1BB68C826A}.Release|Any CPU.Build.0 = Release|Any CPU
		{7687CB96-5405-4C1C-8F3B-89920CE5B136}.Debug|Any CPU.ActiveCfg = Debug|Any CPU
		{7687CB96-5405-4C1C-8F3B-89920CE5B136}.Debug|Any CPU.Build.0 = Debug|Any CPU
		{7687CB96-5405-4C1C-8F3B-89920CE5B136}.Release|Any CPU.ActiveCfg = Release|Any CPU
		{7687CB96-5405-4C1C-8F3B-89920CE5B136}.Release|Any CPU.Build.0 = Release|Any CPU
		{F3E56BC0-36CD-439C-B964-0237C3F0A432}.Debug|Any CPU.ActiveCfg = Debug|Any CPU
		{F3E56BC0-36CD-439C-B964-0237C3F0A432}.Debug|Any CPU.Build.0 = Debug|Any CPU
		{F3E56BC0-36CD-439C-B964-0237C3F0A432}.Release|Any CPU.ActiveCfg = Release|Any CPU
		{F3E56BC0-36CD-439C-B964-0237C3F0A432}.Release|Any CPU.Build.0 = Release|Any CPU
		{499AB156-D8BB-4D30-BE88-C7D5A51AF8CD}.Debug|Any CPU.ActiveCfg = Debug|Any CPU
		{499AB156-D8BB-4D30-BE88-C7D5A51AF8CD}.Debug|Any CPU.Build.0 = Debug|Any CPU
		{499AB156-D8BB-4D30-BE88-C7D5A51AF8CD}.Release|Any CPU.ActiveCfg = Release|Any CPU
		{499AB156-D8BB-4D30-BE88-C7D5A51AF8CD}.Release|Any CPU.Build.0 = Release|Any CPU
		{021104B8-C7CE-4399-A0E6-4BC06963B553}.Debug|Any CPU.ActiveCfg = Debug|Any CPU
		{021104B8-C7CE-4399-A0E6-4BC06963B553}.Debug|Any CPU.Build.0 = Debug|Any CPU
		{021104B8-C7CE-4399-A0E6-4BC06963B553}.Release|Any CPU.ActiveCfg = Release|Any CPU
		{021104B8-C7CE-4399-A0E6-4BC06963B553}.Release|Any CPU.Build.0 = Release|Any CPU
		{6D5BD834-D1D8-4A90-B6C9-CDD4B84E16A6}.Debug|Any CPU.ActiveCfg = Debug|Any CPU
		{6D5BD834-D1D8-4A90-B6C9-CDD4B84E16A6}.Debug|Any CPU.Build.0 = Debug|Any CPU
		{6D5BD834-D1D8-4A90-B6C9-CDD4B84E16A6}.Release|Any CPU.ActiveCfg = Release|Any CPU
		{6D5BD834-D1D8-4A90-B6C9-CDD4B84E16A6}.Release|Any CPU.Build.0 = Release|Any CPU
		{F55E1730-617A-4F0A-B35F-4C7053649DCC}.Debug|Any CPU.ActiveCfg = Debug|Any CPU
		{F55E1730-617A-4F0A-B35F-4C7053649DCC}.Debug|Any CPU.Build.0 = Debug|Any CPU
		{F55E1730-617A-4F0A-B35F-4C7053649DCC}.Release|Any CPU.ActiveCfg = Release|Any CPU
		{F55E1730-617A-4F0A-B35F-4C7053649DCC}.Release|Any CPU.Build.0 = Release|Any CPU
		{2277A768-DE2B-4DCF-96C0-900DCFD93C9E}.Debug|Any CPU.ActiveCfg = Debug|Any CPU
		{2277A768-DE2B-4DCF-96C0-900DCFD93C9E}.Debug|Any CPU.Build.0 = Debug|Any CPU
		{2277A768-DE2B-4DCF-96C0-900DCFD93C9E}.Release|Any CPU.ActiveCfg = Release|Any CPU
		{2277A768-DE2B-4DCF-96C0-900DCFD93C9E}.Release|Any CPU.Build.0 = Release|Any CPU
	EndGlobalSection
	GlobalSection(SolutionProperties) = preSolution
		HideSolutionNode = FALSE
	EndGlobalSection
	GlobalSection(ExtensibilityGlobals) = postSolution
		SolutionGuid = {A800D87D-042F-4B9C-BE02-112CD6EB3498}
	EndGlobalSection
EndGlobal
