
Microsoft Visual Studio Solution File, Format Version 12.00
# Visual Studio Version 16
VisualStudioVersion = 16.0.29806.167
MinimumVisualStudioVersion = 10.0.40219.1
Project("{9A19103F-16F7-4668-BE54-9A1E7A4F7556}") = "Joker.Shared", "Joker.Shared\Joker.Shared.csproj", "{2E9E0D6E-C338-49D6-899E-3135D265284F}"
EndProject
Project("{9A19103F-16F7-4668-BE54-9A1E7A4F7556}") = "Joker.Objects", "Joker.Objects\Joker.Objects.csproj", "{5CC26657-276E-43BD-8B31-458605AFBC5D}"
EndProject
Project("{9A19103F-16F7-4668-BE54-9A1E7A4F7556}") = "Joker.Mapping", "Joker.Mapping\Joker.Mapping.csproj", "{CAF26D31-449F-4488-B8C8-F2F325A29F62}"
EndProject
Project("{9A19103F-16F7-4668-BE54-9A1E7A4F7556}") = "Joker.Extensions", "Joker.Extensions\Joker.Extensions.csproj", "{59D85058-F7B1-4320-AAAF-CD6D29F3325B}"
EndProject
Project("{9A19103F-16F7-4668-BE54-9A1E7A4F7556}") = "Joker.Repositories", "Joker.Repositories\Joker.Repositories.csproj", "{ED134E8C-3956-468C-8E62-CF55F544F332}"
EndProject
Project("{9A19103F-16F7-4668-BE54-9A1E7A4F7556}") = "Joker.EntityFramaworkCore", "Joker.EntityFramaworkCore\Joker.EntityFramaworkCore.csproj", "{602E1C3C-C70A-45A0-8F0D-3D509FAABB25}"
EndProject
Project("{9A19103F-16F7-4668-BE54-9A1E7A4F7556}") = "Joker.EventBus", "Joker.EventBus\Joker.EventBus.csproj", "{7E70056D-3829-4EF9-B7EF-5A36BBAC6EB4}"
EndProject
Project("{9A19103F-16F7-4668-BE54-9A1E7A4F7556}") = "Joker.EventBusRabbitMQ", "Joker.EventBusRabbitMQ\Joker.EventBusRabbitMQ.csproj", "{FFE2A5C3-F360-4DAC-B429-36933C3818D0}"
EndProject
Project("{9A19103F-16F7-4668-BE54-9A1E7A4F7556}") = "Joker.Cache", "Joker.Cache\Joker.Cache.csproj", "{739BA31A-0C9B-47B5-878A-9349842D4DF6}"
EndProject
Project("{9A19103F-16F7-4668-BE54-9A1E7A4F7556}") = "Joker.AspNetCore", "Joker.AspNetCore\Joker.AspNetCore.csproj", "{4FF2977F-AC14-42A9-84A0-3D62FECCF09A}"
EndProject
Project("{9A19103F-16F7-4668-BE54-9A1E7A4F7556}") = "Joker.Mvc", "Joker.Mvc\Joker.Mvc.csproj", "{351CD6F3-612A-4E44-BD9A-7ACA38739728}"
EndProject
Project("{FAE04EC0-301F-11D3-BF4B-00C04F79EFBC}") = "Joker.WebHost", "Joker.WebHost\Joker.WebHost.csproj", "{788F3363-AAB4-4D0A-BC4C-DF9747B75A4C}"
EndProject
Project("{FAE04EC0-301F-11D3-BF4B-00C04F79EFBC}") = "Joker.Logging", "Joker.Logging\Joker.Logging.csproj", "{EF330219-904E-447E-A606-8F43569852EB}"
EndProject
Project("{FAE04EC0-301F-11D3-BF4B-00C04F79EFBC}") = "Joker.Grpc", "Joker.Grpc\Joker.Grpc.csproj", "{8A42199D-224A-473E-9DDC-4C017C476100}"
EndProject
Global
	GlobalSection(SolutionConfigurationPlatforms) = preSolution
		Debug|Any CPU = Debug|Any CPU
		Release|Any CPU = Release|Any CPU
	EndGlobalSection
	GlobalSection(ProjectConfigurationPlatforms) = postSolution
		{2E9E0D6E-C338-49D6-899E-3135D265284F}.Debug|Any CPU.ActiveCfg = Debug|Any CPU
		{2E9E0D6E-C338-49D6-899E-3135D265284F}.Debug|Any CPU.Build.0 = Debug|Any CPU
		{2E9E0D6E-C338-49D6-899E-3135D265284F}.Release|Any CPU.ActiveCfg = Release|Any CPU
		{2E9E0D6E-C338-49D6-899E-3135D265284F}.Release|Any CPU.Build.0 = Release|Any CPU
		{5CC26657-276E-43BD-8B31-458605AFBC5D}.Debug|Any CPU.ActiveCfg = Debug|Any CPU
		{5CC26657-276E-43BD-8B31-458605AFBC5D}.Debug|Any CPU.Build.0 = Debug|Any CPU
		{5CC26657-276E-43BD-8B31-458605AFBC5D}.Release|Any CPU.ActiveCfg = Release|Any CPU
		{5CC26657-276E-43BD-8B31-458605AFBC5D}.Release|Any CPU.Build.0 = Release|Any CPU
		{CAF26D31-449F-4488-B8C8-F2F325A29F62}.Debug|Any CPU.ActiveCfg = Debug|Any CPU
		{CAF26D31-449F-4488-B8C8-F2F325A29F62}.Debug|Any CPU.Build.0 = Debug|Any CPU
		{CAF26D31-449F-4488-B8C8-F2F325A29F62}.Release|Any CPU.ActiveCfg = Release|Any CPU
		{CAF26D31-449F-4488-B8C8-F2F325A29F62}.Release|Any CPU.Build.0 = Release|Any CPU
		{59D85058-F7B1-4320-AAAF-CD6D29F3325B}.Debug|Any CPU.ActiveCfg = Debug|Any CPU
		{59D85058-F7B1-4320-AAAF-CD6D29F3325B}.Debug|Any CPU.Build.0 = Debug|Any CPU
		{59D85058-F7B1-4320-AAAF-CD6D29F3325B}.Release|Any CPU.ActiveCfg = Release|Any CPU
		{59D85058-F7B1-4320-AAAF-CD6D29F3325B}.Release|Any CPU.Build.0 = Release|Any CPU
		{ED134E8C-3956-468C-8E62-CF55F544F332}.Debug|Any CPU.ActiveCfg = Debug|Any CPU
		{ED134E8C-3956-468C-8E62-CF55F544F332}.Debug|Any CPU.Build.0 = Debug|Any CPU
		{ED134E8C-3956-468C-8E62-CF55F544F332}.Release|Any CPU.ActiveCfg = Release|Any CPU
		{ED134E8C-3956-468C-8E62-CF55F544F332}.Release|Any CPU.Build.0 = Release|Any CPU
		{602E1C3C-C70A-45A0-8F0D-3D509FAABB25}.Debug|Any CPU.ActiveCfg = Debug|Any CPU
		{602E1C3C-C70A-45A0-8F0D-3D509FAABB25}.Debug|Any CPU.Build.0 = Debug|Any CPU
		{602E1C3C-C70A-45A0-8F0D-3D509FAABB25}.Release|Any CPU.ActiveCfg = Release|Any CPU
		{602E1C3C-C70A-45A0-8F0D-3D509FAABB25}.Release|Any CPU.Build.0 = Release|Any CPU
		{7E70056D-3829-4EF9-B7EF-5A36BBAC6EB4}.Debug|Any CPU.ActiveCfg = Debug|Any CPU
		{7E70056D-3829-4EF9-B7EF-5A36BBAC6EB4}.Debug|Any CPU.Build.0 = Debug|Any CPU
		{7E70056D-3829-4EF9-B7EF-5A36BBAC6EB4}.Release|Any CPU.ActiveCfg = Release|Any CPU
		{7E70056D-3829-4EF9-B7EF-5A36BBAC6EB4}.Release|Any CPU.Build.0 = Release|Any CPU
		{FFE2A5C3-F360-4DAC-B429-36933C3818D0}.Debug|Any CPU.ActiveCfg = Debug|Any CPU
		{FFE2A5C3-F360-4DAC-B429-36933C3818D0}.Debug|Any CPU.Build.0 = Debug|Any CPU
		{FFE2A5C3-F360-4DAC-B429-36933C3818D0}.Release|Any CPU.ActiveCfg = Release|Any CPU
		{FFE2A5C3-F360-4DAC-B429-36933C3818D0}.Release|Any CPU.Build.0 = Release|Any CPU
		{739BA31A-0C9B-47B5-878A-9349842D4DF6}.Debug|Any CPU.ActiveCfg = Debug|Any CPU
		{739BA31A-0C9B-47B5-878A-9349842D4DF6}.Debug|Any CPU.Build.0 = Debug|Any CPU
		{739BA31A-0C9B-47B5-878A-9349842D4DF6}.Release|Any CPU.ActiveCfg = Release|Any CPU
		{739BA31A-0C9B-47B5-878A-9349842D4DF6}.Release|Any CPU.Build.0 = Release|Any CPU
		{4FF2977F-AC14-42A9-84A0-3D62FECCF09A}.Debug|Any CPU.ActiveCfg = Debug|Any CPU
		{4FF2977F-AC14-42A9-84A0-3D62FECCF09A}.Debug|Any CPU.Build.0 = Debug|Any CPU
		{4FF2977F-AC14-42A9-84A0-3D62FECCF09A}.Release|Any CPU.ActiveCfg = Release|Any CPU
		{4FF2977F-AC14-42A9-84A0-3D62FECCF09A}.Release|Any CPU.Build.0 = Release|Any CPU
		{351CD6F3-612A-4E44-BD9A-7ACA38739728}.Debug|Any CPU.ActiveCfg = Debug|Any CPU
		{351CD6F3-612A-4E44-BD9A-7ACA38739728}.Debug|Any CPU.Build.0 = Debug|Any CPU
		{351CD6F3-612A-4E44-BD9A-7ACA38739728}.Release|Any CPU.ActiveCfg = Release|Any CPU
		{351CD6F3-612A-4E44-BD9A-7ACA38739728}.Release|Any CPU.Build.0 = Release|Any CPU
		{788F3363-AAB4-4D0A-BC4C-DF9747B75A4C}.Debug|Any CPU.ActiveCfg = Debug|Any CPU
		{788F3363-AAB4-4D0A-BC4C-DF9747B75A4C}.Debug|Any CPU.Build.0 = Debug|Any CPU
		{788F3363-AAB4-4D0A-BC4C-DF9747B75A4C}.Release|Any CPU.ActiveCfg = Release|Any CPU
		{788F3363-AAB4-4D0A-BC4C-DF9747B75A4C}.Release|Any CPU.Build.0 = Release|Any CPU
		{EF330219-904E-447E-A606-8F43569852EB}.Debug|Any CPU.ActiveCfg = Debug|Any CPU
		{EF330219-904E-447E-A606-8F43569852EB}.Debug|Any CPU.Build.0 = Debug|Any CPU
		{EF330219-904E-447E-A606-8F43569852EB}.Release|Any CPU.ActiveCfg = Release|Any CPU
		{EF330219-904E-447E-A606-8F43569852EB}.Release|Any CPU.Build.0 = Release|Any CPU
		{8A42199D-224A-473E-9DDC-4C017C476100}.Debug|Any CPU.ActiveCfg = Debug|Any CPU
		{8A42199D-224A-473E-9DDC-4C017C476100}.Debug|Any CPU.Build.0 = Debug|Any CPU
		{8A42199D-224A-473E-9DDC-4C017C476100}.Release|Any CPU.ActiveCfg = Release|Any CPU
		{8A42199D-224A-473E-9DDC-4C017C476100}.Release|Any CPU.Build.0 = Release|Any CPU
	EndGlobalSection
	GlobalSection(SolutionProperties) = preSolution
		HideSolutionNode = FALSE
	EndGlobalSection
	GlobalSection(ExtensibilityGlobals) = postSolution
		SolutionGuid = {A800D87D-042F-4B9C-BE02-112CD6EB3498}
	EndGlobalSection
EndGlobal
